
Microsoft Visual Studio Solution File, Format Version 12.00
# Visual Studio 15
VisualStudioVersion = 15.0.27703.2026
MinimumVisualStudioVersion = 10.0.40219.1
Project("{FAE04EC0-301F-11D3-BF4B-00C04F79EFBC}") = "Fibonacci", "Fibonacci\Fibonacci.csproj", "{441FC4F0-2357-45E4-AA86-E6DE4EB32CD9}"
EndProject
Global
	GlobalSection(SolutionConfigurationPlatforms) = preSolution
		Debug|Any CPU = Debug|Any CPU
		Release|Any CPU = Release|Any CPU
	EndGlobalSection
	GlobalSection(ProjectConfigurationPlatforms) = postSolution
		{441FC4F0-2357-45E4-AA86-E6DE4EB32CD9}.Debug|Any CPU.ActiveCfg = Debug|Any CPU
		{441FC4F0-2357-45E4-AA86-E6DE4EB32CD9}.Debug|Any CPU.Build.0 = Debug|Any CPU
		{441FC4F0-2357-45E4-AA86-E6DE4EB32CD9}.Release|Any CPU.ActiveCfg = Release|Any CPU
		{441FC4F0-2357-45E4-AA86-E6DE4EB32CD9}.Release|Any CPU.Build.0 = Release|Any CPU
	EndGlobalSection
	GlobalSection(SolutionProperties) = preSolution
		HideSolutionNode = FALSE
	EndGlobalSection
	GlobalSection(ExtensibilityGlobals) = postSolution
		SolutionGuid = {D9961367-8132-4DF0-B282-1840F491C8B5}
	EndGlobalSection
EndGlobal
