
Microsoft Visual Studio Solution File, Format Version 12.00
# Visual Studio 15
VisualStudioVersion = 15.0.27703.2026
MinimumVisualStudioVersion = 10.0.40219.1
Project("{FAE04EC0-301F-11D3-BF4B-00C04F79EFBC}") = "TorresHanoi", "TorresHanoi\TorresHanoi.csproj", "{683776BD-45CB-416D-BED7-F16CC2430728}"
EndProject
Global
	GlobalSection(SolutionConfigurationPlatforms) = preSolution
		Debug|Any CPU = Debug|Any CPU
		Release|Any CPU = Release|Any CPU
	EndGlobalSection
	GlobalSection(ProjectConfigurationPlatforms) = postSolution
		{683776BD-45CB-416D-BED7-F16CC2430728}.Debug|Any CPU.ActiveCfg = Debug|Any CPU
		{683776BD-45CB-416D-BED7-F16CC2430728}.Debug|Any CPU.Build.0 = Debug|Any CPU
		{683776BD-45CB-416D-BED7-F16CC2430728}.Release|Any CPU.ActiveCfg = Release|Any CPU
		{683776BD-45CB-416D-BED7-F16CC2430728}.Release|Any CPU.Build.0 = Release|Any CPU
	EndGlobalSection
	GlobalSection(SolutionProperties) = preSolution
		HideSolutionNode = FALSE
	EndGlobalSection
	GlobalSection(ExtensibilityGlobals) = postSolution
		SolutionGuid = {348AE513-B943-44F2-B84D-79DE541786C8}
	EndGlobalSection
EndGlobal
